
Microsoft Visual Studio Solution File, Format Version 12.00
# Visual Studio 2013
VisualStudioVersion = 12.0.31101.0
MinimumVisualStudioVersion = 10.0.40219.1
Project("{FAE04EC0-301F-11D3-BF4B-00C04F79EFBC}") = "SemanticLogging.ApplicationInsights", "SLAB_AI\SemanticLogging.ApplicationInsights.csproj", "{7EE56A78-9A8E-404F-B3F1-D07877D863E1}"
EndProject
Global
	GlobalSection(TeamFoundationVersionControl) = preSolution
		SccNumberOfProjects = 2
		SccEnterpriseProvider = {4CA58AB2-18FA-4F8D-95D4-32DDF27D184C}
		SccTeamFoundationServer = https://almlatam.visualstudio.com/defaultcollection
		SccLocalPath0 = .
		SccProjectUniqueName1 = SLAB_AI\\SemanticLogging.ApplicationInsights.csproj
		SccProjectName1 = SLAB_AI
		SccLocalPath1 = SLAB_AI
	EndGlobalSection
	GlobalSection(SolutionConfigurationPlatforms) = preSolution
		Debug|Any CPU = Debug|Any CPU
		Release|Any CPU = Release|Any CPU
	EndGlobalSection
	GlobalSection(ProjectConfigurationPlatforms) = postSolution
		{7EE56A78-9A8E-404F-B3F1-D07877D863E1}.Debug|Any CPU.ActiveCfg = Debug|Any CPU
		{7EE56A78-9A8E-404F-B3F1-D07877D863E1}.Debug|Any CPU.Build.0 = Debug|Any CPU
		{7EE56A78-9A8E-404F-B3F1-D07877D863E1}.Release|Any CPU.ActiveCfg = Release|Any CPU
		{7EE56A78-9A8E-404F-B3F1-D07877D863E1}.Release|Any CPU.Build.0 = Release|Any CPU
	EndGlobalSection
	GlobalSection(SolutionProperties) = preSolution
		HideSolutionNode = FALSE
	EndGlobalSection
EndGlobal
